{
  "name": "nex-bds",
  "version": "1.0.0",
  "lockfileVersion": 3,
  "requires": true,
  "packages": {
    "": {
      "name": "nex-bds",
      "version": "1.0.0",
      "license": "ISC",
      "dependencies": {
        "@minecraft/server": "^2.6.0-beta.1.26.0-preview.26",
        "@minecraft/server-ui": "^2.1.0-beta.1.26.0-preview.26"
      }
    },
    "node_modules/@minecraft/common": {
      "version": "1.2.0",
      "resolved": "https://registry.npmjs.org/@minecraft/common/-/common-1.2.0.tgz",
      "integrity": "sha512-JdmEq4P3Z/FtoBzhLijFgMSVFnFRrUoLwY8DHHrgtFo0mfLTOLTB1RErYjLMsA6b7BGVNxkX/pfFRiH7QZ0XwQ==",
      "license": "MIT",
      "peer": true
    },
    "node_modules/@minecraft/server": {
      "version": "2.6.0-beta.1.26.0-preview.26",
      "resolved": "https://registry.npmjs.org/@minecraft/server/-/server-2.6.0-beta.1.26.0-preview.26.tgz",
      "integrity": "sha512-ws8nDmyK2TO798gX/6G0UZtxwXu0fbtCH1XqzFPxRRDz/IGMvAAaHBrm0xQiFkcn4QETBklvm7xhVkOo4sX90Q==",
      "license": "MIT",
      "peerDependencies": {
        "@minecraft/common": "^1.2.0",
        "@minecraft/vanilla-data": ">=1.20.70 || 1.26.0-preview.26"
      }
    },
    "node_modules/@minecraft/server-ui": {
      "version": "2.1.0-beta.1.26.0-preview.26",
      "resolved": "https://registry.npmjs.org/@minecraft/server-ui/-/server-ui-2.1.0-beta.1.26.0-preview.26.tgz",
      "integrity": "sha512-i2wDtS/mDw2TB6TO83j2h0sRPxNu6jNtUDdnrjTUQmdr5wQntq+qZ8P6yzlDPdfLnnxsltywkHHvDNGwDLBXKg==",
      "license": "MIT",
      "peerDependencies": {
        "@minecraft/common": "^1.0.0",
        "@minecraft/server": "^2.0.0 || ^2.6.0-beta.1.26.0-preview.26"
      }
    },
    "node_modules/@minecraft/vanilla-data": {
      "version": "1.21.131",
      "resolved": "https://registry.npmjs.org/@minecraft/vanilla-data/-/vanilla-data-1.21.131.tgz",
      "integrity": "sha512-Ptw6t5mgyOODFmZxpZRRawjfhgcniGNf7kZqxV98RTAJi61tZ6wEMcI9muiWXw5yrNstYcTxJmqVjx1RaZKkxg==",
      "license": "MIT",
      "peer": true
    }
  }
}
